# This file is generated by running "yarn install" inside your project.
# Manual changes might be lost - proceed with caution!

__metadata:
  version: 8
  cacheKey: 10c0

"@tallieu_tallieu/heml-styles@workspace:.":
  version: 0.0.0-use.local
  resolution: "@tallieu_tallieu/heml-styles@workspace:."
  dependencies:
    css-declaration-sorter: "npm:^2.1.0"
    css-shorthand-expand: "npm:^1.1.0"
    lodash: "npm:^4.17.4"
    postcss: "npm:^6.0.13"
    postcss-calc: "npm:^6.0.1"
    postcss-color-rgba-fallback: "npm:^3.0.0"
    postcss-colornames-to-hex: "npm:^1.0.1"
    postcss-convert-values: "npm:^2.6.1"
    postcss-discard-comments: "npm:^2.0.4"
    postcss-discard-duplicates: "npm:^2.1.0"
    postcss-discard-empty: "npm:^2.1.0"
    postcss-discard-overridden: "npm:^0.1.1"
    postcss-email-important: "npm:^1.0.0"
    postcss-hex-format: "npm:^1.0.0"
    postcss-merge-longhand: "npm:^3.0.0"
    postcss-merge-rules: "npm:^2.1.2"
    postcss-minify-font-values: "npm:^1.0.5"
    postcss-minify-gradients: "npm:^1.0.5"
    postcss-minify-params: "npm:^1.2.2"
    postcss-minify-selectors: "npm:^2.1.1"
    postcss-normalize-display-values: "npm:^4.0.0-rc.2"
    postcss-normalize-positions: "npm:^4.0.0-rc.2"
    postcss-normalize-repeat-style: "npm:^4.0.0-rc.2"
    postcss-normalize-string: "npm:^4.0.0-rc.2"
    postcss-normalize-timing-functions: "npm:^4.0.0-rc.2"
    postcss-ordered-values: "npm:^2.2.3"
    postcss-rgba-hex: "npm:^0.3.7"
    postcss-safe-parser: "npm:^3.0.1"
    postcss-shorthand-expand: "npm:^1.0.1"
    postcss-unique-selectors: "npm:^2.0.2"
  languageName: unknown
  linkType: soft

"alphanum-sort@npm:^1.0.1, alphanum-sort@npm:^1.0.2":
  version: 1.0.2
  resolution: "alphanum-sort@npm:1.0.2"
  checksum: 10c0/2944e7ae4d36328a2df071017c01cd1d06ef6a5d87c8fbbeffd9075d42f4da48051bde79a5e3d863b98f37778c76e8eebd4353c1e7bbba2480382096953ec2b8
  languageName: node
  linkType: hard

"ansi-regex@npm:^2.0.0":
  version: 2.1.1
  resolution: "ansi-regex@npm:2.1.1"
  checksum: 10c0/78cebaf50bce2cb96341a7230adf28d804611da3ce6bf338efa7b72f06cc6ff648e29f80cd95e582617ba58d5fdbec38abfeed3500a98bce8381a9daec7c548b
  languageName: node
  linkType: hard

"ansi-styles@npm:^2.2.1":
  version: 2.2.1
  resolution: "ansi-styles@npm:2.2.1"
  checksum: 10c0/7c68aed4f1857389e7a12f85537ea5b40d832656babbf511cc7ecd9efc52889b9c3e5653a71a6aade783c3c5e0aa223ad4ff8e83c27ac8a666514e6c79068cab
  languageName: node
  linkType: hard

"ansi-styles@npm:^3.2.1":
  version: 3.2.1
  resolution: "ansi-styles@npm:3.2.1"
  dependencies:
    color-convert: "npm:^1.9.0"
  checksum: 10c0/ece5a8ef069fcc5298f67e3f4771a663129abd174ea2dfa87923a2be2abf6cd367ef72ac87942da00ce85bd1d651d4cd8595aebdb1b385889b89b205860e977b
  languageName: node
  linkType: hard

"argh@npm:^0.1.4":
  version: 0.1.4
  resolution: "argh@npm:0.1.4"
  checksum: 10c0/a38bbdc69249c47ab16209508f5aacb280f9378f0c32619e1210991ac44efd86493a2b686eb2962021a11f150ad2f0648561355553b45cedeac15a7dd4d4455a
  languageName: node
  linkType: hard

"browserslist@npm:^1.1.3, browserslist@npm:^1.3.6, browserslist@npm:^1.5.2":
  version: 1.7.7
  resolution: "browserslist@npm:1.7.7"
  dependencies:
    caniuse-db: "npm:^1.0.30000639"
    electron-to-chromium: "npm:^1.2.7"
  bin:
    browserslist: ./cli.js
  checksum: 10c0/1caae2f00800711b3c18a834b84ab3109b955836f23e00a7eb0227e54c22a101b95a9606c1347a04ec882524a724ba57691f856a7aba3fde6dd197b867b8cd41
  languageName: node
  linkType: hard

"caniuse-api@npm:^1.5.2":
  version: 1.6.1
  resolution: "caniuse-api@npm:1.6.1"
  dependencies:
    browserslist: "npm:^1.3.6"
    caniuse-db: "npm:^1.0.30000529"
    lodash.memoize: "npm:^4.1.2"
    lodash.uniq: "npm:^4.5.0"
  checksum: 10c0/0769ffb827dcc9d7f6fb1d9616d6ac9dcb0a271cfacd3b1026459f0c5052491ef5a458bdaca12c2204b65bf65aa0c43b880b9bfbe497a0469e319cb48f5da4fb
  languageName: node
  linkType: hard

"caniuse-db@npm:^1.0.30000529, caniuse-db@npm:^1.0.30000639":
  version: 1.0.30001692
  resolution: "caniuse-db@npm:1.0.30001692"
  checksum: 10c0/41d596b5799ae64c1db3ddb666e998e6d36929c13799b7583b1e84e517d9b6ef6a53a4cf15a47a2b80062ff28891ac11183e3eee9c87f68caf95f5eded6b1f48
  languageName: node
  linkType: hard

"chalk@npm:^1.0.0, chalk@npm:^1.1.1, chalk@npm:^1.1.3":
  version: 1.1.3
  resolution: "chalk@npm:1.1.3"
  dependencies:
    ansi-styles: "npm:^2.2.1"
    escape-string-regexp: "npm:^1.0.2"
    has-ansi: "npm:^2.0.0"
    strip-ansi: "npm:^3.0.0"
    supports-color: "npm:^2.0.0"
  checksum: 10c0/28c3e399ec286bb3a7111fd4225ebedb0d7b813aef38a37bca7c498d032459c265ef43404201d5fbb8d888d29090899c95335b4c0cda13e8b126ff15c541cef8
  languageName: node
  linkType: hard

"chalk@npm:^2.4.1":
  version: 2.4.2
  resolution: "chalk@npm:2.4.2"
  dependencies:
    ansi-styles: "npm:^3.2.1"
    escape-string-regexp: "npm:^1.0.5"
    supports-color: "npm:^5.3.0"
  checksum: 10c0/e6543f02ec877732e3a2d1c3c3323ddb4d39fbab687c23f526e25bd4c6a9bf3b83a696e8c769d078e04e5754921648f7821b2a2acfd16c550435fd630026e073
  languageName: node
  linkType: hard

"color-convert@npm:^1.9.0":
  version: 1.9.3
  resolution: "color-convert@npm:1.9.3"
  dependencies:
    color-name: "npm:1.1.3"
  checksum: 10c0/5ad3c534949a8c68fca8fbc6f09068f435f0ad290ab8b2f76841b9e6af7e0bb57b98cb05b0e19fe33f5d91e5a8611ad457e5f69e0a484caad1f7487fd0e8253c
  languageName: node
  linkType: hard

"color-name@npm:1.1.3":
  version: 1.1.3
  resolution: "color-name@npm:1.1.3"
  checksum: 10c0/566a3d42cca25b9b3cd5528cd7754b8e89c0eb646b7f214e8e2eaddb69994ac5f0557d9c175eb5d8f0ad73531140d9c47525085ee752a91a2ab15ab459caf6d6
  languageName: node
  linkType: hard

"css-color-names@npm:0.0.1":
  version: 0.0.1
  resolution: "css-color-names@npm:0.0.1"
  checksum: 10c0/127f9950c5960c159833331777ffd3fe0bb4bce6afc333d213b04fe5867dbabd0a9861c98f586532d73f7cd50704f9e5d8e75b24984c08411b6cca522b9d8cce
  languageName: node
  linkType: hard

"css-color-names@npm:0.0.4":
  version: 0.0.4
  resolution: "css-color-names@npm:0.0.4"
  checksum: 10c0/88ef97c25bcfb217469cdff428049022438cc546eb208210f0edec03b75050723db3ba02cd0f4959c84cd0659be0b43af3323eff80d1ba5fb15c2accf09ccbe2
  languageName: node
  linkType: hard

"css-declaration-sorter@npm:^2.1.0":
  version: 2.1.0
  resolution: "css-declaration-sorter@npm:2.1.0"
  dependencies:
    argh: "npm:^0.1.4"
    postcss: "npm:^6.0.0"
    read-file-stdin: "npm:^0.2.0"
    timsort: "npm:^0.3.0"
    write-file-stdout: "npm:0.0.2"
  bin:
    cssdeclsort: bin/cssdeclsort.js
  checksum: 10c0/d23c052d8d249be3b02a863bee0da9cb571dc12709656072609de63f162cb1c98fbeb4afe292749e10575728af774712bbbebfc1b823705bbe597fcbabd268b2
  languageName: node
  linkType: hard

"css-shorthand-expand@npm:^1.0.1, css-shorthand-expand@npm:^1.1.0":
  version: 1.2.0
  resolution: "css-shorthand-expand@npm:1.2.0"
  dependencies:
    css-color-names: "npm:0.0.1"
    css-url-regex: "npm:0.0.1"
    hex-color-regex: "npm:^1.0.1"
    hsl-regex: "npm:^1.0.0"
    hsla-regex: "npm:^1.0.0"
    map-obj: "npm:^1.0.0"
    repeat-element: "npm:^1.1.0"
    rgb-regex: "npm:^1.0.1"
    rgba-regex: "npm:^1.0.0"
    xtend: "npm:^4.0.0"
  checksum: 10c0/92653607be65525c5dfa3d1f6e303e63e240b3a5352efcba59ad560460163ad632ac80a787df0c0a792ebd08cae0472769c6b92e0fdc7d0c89d09e6b0f81cea7
  languageName: node
  linkType: hard

"css-shorthand-properties@npm:^1.0.0":
  version: 1.1.2
  resolution: "css-shorthand-properties@npm:1.1.2"
  checksum: 10c0/848445ae836da55a3e00333b8413e0ade323d292ebd7336c9ebe1c1da6adc2b7d6e30e6aca808a37e33c5ba4923b795affe21229a5942098534ee3ad77beea52
  languageName: node
  linkType: hard

"css-unit-converter@npm:^1.1.1":
  version: 1.1.2
  resolution: "css-unit-converter@npm:1.1.2"
  checksum: 10c0/540e94213fa5305c49215c6a2ba24d934fa400c0ae0897a87632a3a3a8f4824d168448806180c511dcfb2ecf21cf16be51af0739ff09ef5bcd946f19e9a5624d
  languageName: node
  linkType: hard

"css-url-regex@npm:0.0.1":
  version: 0.0.1
  resolution: "css-url-regex@npm:0.0.1"
  checksum: 10c0/6a8f4618be01997653a4f28d25e3e3aa65bdffdf5b906bd892ab96544219a00f7cdfda905fd9658fcde68fdcb3772e4b26f3d88d5151aa96f03961629d687119
  languageName: node
  linkType: hard

"cssnano-util-get-arguments@npm:^4.0.0":
  version: 4.0.0
  resolution: "cssnano-util-get-arguments@npm:4.0.0"
  checksum: 10c0/d14ff2f16852ee0883844f960f035d15ecc04c516f3dd98979e5515b02e9b7f883a5b5a54fd209cc1d117bb906a28382a5b2dd15a165e8e8f3e66ae14fddbe03
  languageName: node
  linkType: hard

"cssnano-util-get-match@npm:^4.0.0":
  version: 4.0.0
  resolution: "cssnano-util-get-match@npm:4.0.0"
  checksum: 10c0/62462d6fe07334f7bbe2530fa427c3fdd240af0cc949bb9feb2bf178432743ec1e6e5914f50c44cc3eb65488b1d6e6f9dcd5fbf948bc31e6672dea623e1923bb
  languageName: node
  linkType: hard

"electron-to-chromium@npm:^1.2.7":
  version: 1.5.80
  resolution: "electron-to-chromium@npm:1.5.80"
  checksum: 10c0/6aaf1891e1b05251efac6f4a63c0ddccf567f0f76506cf0cb284f11413762423fddd7786558066f74c3a95e2a533dad7a97bebe38779b46b7a799d8dd20cea53
  languageName: node
  linkType: hard

"escape-string-regexp@npm:^1.0.2, escape-string-regexp@npm:^1.0.5":
  version: 1.0.5
  resolution: "escape-string-regexp@npm:1.0.5"
  checksum: 10c0/a968ad453dd0c2724e14a4f20e177aaf32bb384ab41b674a8454afe9a41c5e6fe8903323e0a1052f56289d04bd600f81278edf140b0fcc02f5cac98d0f5b5371
  languageName: node
  linkType: hard

"flatten@npm:^1.0.2":
  version: 1.0.3
  resolution: "flatten@npm:1.0.3"
  checksum: 10c0/9f9b1f3dcd05be057bb83ec27f2513da5306e7bfc0cf8bd839ab423eb1b0f99683a25c97b48fafd5959819159659ce9f1397623a46f89a8577ba095fcf5fb753
  languageName: node
  linkType: hard

"gather-stream@npm:^1.0.0":
  version: 1.0.0
  resolution: "gather-stream@npm:1.0.0"
  checksum: 10c0/66f6f4d6371538cedd92e07720f5e21b45dfbecd2801bb2834c8c82854a2cd25c7fa89bfbdafb35ba99ee529b572ecd50ace96e20df365e5f2042dbc7d8c9858
  languageName: node
  linkType: hard

"has-ansi@npm:^2.0.0":
  version: 2.0.0
  resolution: "has-ansi@npm:2.0.0"
  dependencies:
    ansi-regex: "npm:^2.0.0"
  checksum: 10c0/f54e4887b9f8f3c4bfefd649c48825b3c093987c92c27880ee9898539e6f01aed261e82e73153c3f920fde0db5bf6ebd58deb498ed1debabcb4bc40113ccdf05
  languageName: node
  linkType: hard

"has-flag@npm:^1.0.0":
  version: 1.0.0
  resolution: "has-flag@npm:1.0.0"
  checksum: 10c0/d0ad4bebbbc005edccfa1e2c0600c89375be5663d23f49a129e0f817187405748b0b515abfc5b3c209c92692e39bb0481c83c0ee4df69433d6ffd0242183100b
  languageName: node
  linkType: hard

"has-flag@npm:^3.0.0":
  version: 3.0.0
  resolution: "has-flag@npm:3.0.0"
  checksum: 10c0/1c6c83b14b8b1b3c25b0727b8ba3e3b647f99e9e6e13eb7322107261de07a4c1be56fc0d45678fc376e09772a3a1642ccdaf8fc69bdf123b6c086598397ce473
  languageName: node
  linkType: hard

"has@npm:^1.0.0, has@npm:^1.0.1":
  version: 1.0.4
  resolution: "has@npm:1.0.4"
  checksum: 10c0/82c1220573dc1f0a014a5d6189ae52a1f820f99dfdc00323c3a725b5002dcb7f04e44f460fea7af068474b2dd7c88cbe1846925c84017be9e31e1708936d305b
  languageName: node
  linkType: hard

"hex-color-regex@npm:^1.0.1":
  version: 1.1.0
  resolution: "hex-color-regex@npm:1.1.0"
  checksum: 10c0/43f0b8bbeb3906b6b2ddfb5ce6cbc28fb4f1e7b5129d0485e006ea20f92dc65f97b3b12591dd6a993de2ca10cb64a16a6a380a37481fc09432e7be0037be8f9c
  languageName: node
  linkType: hard

"hsl-regex@npm:^1.0.0":
  version: 1.0.0
  resolution: "hsl-regex@npm:1.0.0"
  checksum: 10c0/ddc29f4943c4a1768e611fadaebf6913d039640267f1fad2ac06f4dbdbe5cbe535d77dd19804898834671dd82751a4401c1b4d2ecade25d158ea23665d263e84
  languageName: node
  linkType: hard

"hsla-regex@npm:^1.0.0":
  version: 1.0.0
  resolution: "hsla-regex@npm:1.0.0"
  checksum: 10c0/307874844a055af7a8f225e3908e1f7a2d96aa28e86abcb7ce1837cd86acf32d1f3c71ae105416d4c8623c8f9220b1bc799598851b0826274faa047710985f76
  languageName: node
  linkType: hard

"indexes-of@npm:^1.0.1":
  version: 1.0.1
  resolution: "indexes-of@npm:1.0.1"
  checksum: 10c0/1ea1d2d00173fa38f728acfa00303657e1115361481e52f6cbae47c5d603219006c9357abf6bc323f1fb0fbe937e363bbb19e5c66c12578eea6ec6b7e892bdba
  languageName: node
  linkType: hard

"irregular-plurals@npm:^1.0.0":
  version: 1.4.0
  resolution: "irregular-plurals@npm:1.4.0"
  checksum: 10c0/2a8d536b86237fcf83090515c2f1c350bdcd54681b4d70cd3e21387fe658e2fc5c95994844bd6711dc062f9b4685dd8252775b0d3f575b75b468b64e172ff9eb
  languageName: node
  linkType: hard

"is-css-shorthand@npm:^1.0.0":
  version: 1.0.1
  resolution: "is-css-shorthand@npm:1.0.1"
  dependencies:
    css-shorthand-properties: "npm:^1.0.0"
  checksum: 10c0/ee4dc308c37c1058abd0edc3ff49dbf8373694438c8d7c815b7d4c19ebe98421892fc1ab76775e135bb737ce089f587bd3cbedba23975ef65e790fbd20b5a31e
  languageName: node
  linkType: hard

"js-base64@npm:^2.1.9":
  version: 2.6.4
  resolution: "js-base64@npm:2.6.4"
  checksum: 10c0/95d93c4eca0bbe0f2d5ffe8682d9acd23051e5c0ad71873ff5a48dd46a5f19025de9f7b36e63fa3f02f342ae4a8ca4c56e7b590d7300ebb6639ce09675e0fd02
  languageName: node
  linkType: hard

"lodash.memoize@npm:^4.1.2":
  version: 4.1.2
  resolution: "lodash.memoize@npm:4.1.2"
  checksum: 10c0/c8713e51eccc650422716a14cece1809cfe34bc5ab5e242b7f8b4e2241c2483697b971a604252807689b9dd69bfe3a98852e19a5b89d506b000b4187a1285df8
  languageName: node
  linkType: hard

"lodash.uniq@npm:^4.5.0":
  version: 4.5.0
  resolution: "lodash.uniq@npm:4.5.0"
  checksum: 10c0/262d400bb0952f112162a320cc4a75dea4f66078b9e7e3075ffbc9c6aa30b3e9df3cf20e7da7d566105e1ccf7804e4fbd7d804eee0b53de05d83f16ffbf41c5e
  languageName: node
  linkType: hard

"lodash@npm:^4.1.0, lodash@npm:^4.17.4":
  version: 4.17.21
  resolution: "lodash@npm:4.17.21"
  checksum: 10c0/d8cbea072bb08655bb4c989da418994b073a608dffa608b09ac04b43a791b12aeae7cd7ad919aa4c925f33b48490b5cfe6c1f71d827956071dae2e7bb3a6b74c
  languageName: node
  linkType: hard

"log-symbols@npm:^1.0.2":
  version: 1.0.2
  resolution: "log-symbols@npm:1.0.2"
  dependencies:
    chalk: "npm:^1.0.0"
  checksum: 10c0/c64e1fe41d0d043840f8b592d043b8607a836b846506f525a53d99d578561f02f97b2cba1d2b3c30bae5311d64b308d5a392a9930d252b906a9042fc2877da7a
  languageName: node
  linkType: hard

"map-obj@npm:^1.0.0":
  version: 1.0.1
  resolution: "map-obj@npm:1.0.1"
  checksum: 10c0/ccca88395e7d38671ed9f5652ecf471ecd546924be2fb900836b9da35e068a96687d96a5f93dcdfa94d9a27d649d2f10a84595590f89a347fb4dda47629dcc52
  languageName: node
  linkType: hard

"minimist@npm:^1.2.0":
  version: 1.2.8
  resolution: "minimist@npm:1.2.8"
  checksum: 10c0/19d3fcdca050087b84c2029841a093691a91259a47def2f18222f41e7645a0b7c44ef4b40e88a1e58a40c84d2ef0ee6047c55594d298146d0eb3f6b737c20ce6
  languageName: node
  linkType: hard

"object-assign@npm:^4.0.1, object-assign@npm:^4.1.0":
  version: 4.1.1
  resolution: "object-assign@npm:4.1.1"
  checksum: 10c0/1f4df9945120325d041ccf7b86f31e8bcc14e73d29171e37a7903050e96b81323784ec59f93f102ec635bcf6fa8034ba3ea0a8c7e69fa202b87ae3b6cec5a414
  languageName: node
  linkType: hard

"picocolors@npm:^0.2.1":
  version: 0.2.1
  resolution: "picocolors@npm:0.2.1"
  checksum: 10c0/98a83c77912c80aea0fc518aec184768501bfceafa490714b0f43eda9c52e372b844ce0a591e822bbfe5df16dcf366be7cbdb9534d39cf54a80796340371ee17
  languageName: node
  linkType: hard

"plur@npm:^2.1.2":
  version: 2.1.2
  resolution: "plur@npm:2.1.2"
  dependencies:
    irregular-plurals: "npm:^1.0.0"
  checksum: 10c0/d4886dba51a01e9fa2f01a06232cebda59c71ccf7e2f0858e10a794e0d265e438dda541148032cf6457952c253123d3531d650db6cadc77e6a8ac28fff4a1d1c
  languageName: node
  linkType: hard

"postcss-calc@npm:^6.0.1":
  version: 6.0.2
  resolution: "postcss-calc@npm:6.0.2"
  dependencies:
    css-unit-converter: "npm:^1.1.1"
    postcss: "npm:^7.0.2"
    postcss-selector-parser: "npm:^2.2.2"
    reduce-css-calc: "npm:^2.0.0"
  checksum: 10c0/53441221cb2f8a36d8cd2268ebacd5ea78e99c63a40fbdc2f3d7e0025a8f1b176e5634829d78c15e75468c79de60169b5bbc30c928723ab529a789fb68e6157a
  languageName: node
  linkType: hard

"postcss-color-rgba-fallback@npm:^3.0.0":
  version: 3.0.0
  resolution: "postcss-color-rgba-fallback@npm:3.0.0"
  dependencies:
    postcss: "npm:^6.0.6"
    postcss-value-parser: "npm:^3.3.0"
    rgb-hex: "npm:^2.1.0"
  checksum: 10c0/4b8f1ee0f00461b4245bcbbc9afa70ab998708620cb5bd0ad83ab4c74b4bf85f3b968947a3e09ca2219f59fe385671152038192f37439f1e18d8aeadbbd9e4ea
  languageName: node
  linkType: hard

"postcss-colornames-to-hex@npm:^1.0.1":
  version: 1.0.1
  resolution: "postcss-colornames-to-hex@npm:1.0.1"
  dependencies:
    css-color-names: "npm:0.0.4"
    postcss: "npm:^6.0.10"
    postcss-value-parser: "npm:^3.3.0"
  checksum: 10c0/ab7be74df6c9d42e50171885a6cf923b39d7a2cee566b131418c92ba2c3dd4562a552847b1ca7c6167a4a6e69be5a98437d3c5e2e5da06acb7336b08dce91baf
  languageName: node
  linkType: hard

"postcss-convert-values@npm:^2.6.1":
  version: 2.6.1
  resolution: "postcss-convert-values@npm:2.6.1"
  dependencies:
    postcss: "npm:^5.0.11"
    postcss-value-parser: "npm:^3.1.2"
  checksum: 10c0/3efbc1c5feaa6c2eb56da61ad2c9e784c50aad1524d9c6a5a5992da43a276ead2b2d2986c8f8647fad484eefe3e22855993b2fe1984b392c45fd82aa92e7bfb9
  languageName: node
  linkType: hard

"postcss-discard-comments@npm:^2.0.4":
  version: 2.0.4
  resolution: "postcss-discard-comments@npm:2.0.4"
  dependencies:
    postcss: "npm:^5.0.14"
  checksum: 10c0/436039351e2e6fba1358077728f51c5923cf943584394fc38b441444fe572980f08c5c7d1733a2e48fa17096cb98e8180e73b45ed2aea7baabc162943ed403dc
  languageName: node
  linkType: hard

"postcss-discard-duplicates@npm:^2.1.0":
  version: 2.1.0
  resolution: "postcss-discard-duplicates@npm:2.1.0"
  dependencies:
    postcss: "npm:^5.0.4"
  checksum: 10c0/0da451c605fa8b26981f2c8a059f9231eade6616026e01834dd5b305ad6ffbaae28916d3de5fe91b6d9810e0bff69e70ffe44cae3a908e12493bc4295cbf4a6f
  languageName: node
  linkType: hard

"postcss-discard-empty@npm:^2.1.0":
  version: 2.1.0
  resolution: "postcss-discard-empty@npm:2.1.0"
  dependencies:
    postcss: "npm:^5.0.14"
  checksum: 10c0/e2008b574f80cc3621c3e318e59e36895077865a48800f1c25eb688128f8d43f0402c8effc21143533fd114200e532dcfbaca9813f0d07f9e71e32b6a859afbd
  languageName: node
  linkType: hard

"postcss-discard-overridden@npm:^0.1.1":
  version: 0.1.1
  resolution: "postcss-discard-overridden@npm:0.1.1"
  dependencies:
    postcss: "npm:^5.0.16"
  checksum: 10c0/e1fd38e98045966be5f64252cbd553a597bc7678f64101025b850abe66851f35219320095321e4b0e9632843b6fc64e8bfe9b390064d9725a60a623a4a88b28d
  languageName: node
  linkType: hard

"postcss-email-important@npm:^1.0.0":
  version: 1.0.0
  resolution: "postcss-email-important@npm:1.0.0"
  dependencies:
    postcss: "npm:^6.0.11"
  checksum: 10c0/343442eadc5b21fb3a538c87c466be08fc8cf9083cf0481fba7f5fcfb1491462f19b42efa5f03fb259717bbb4fa63ba65153982a95e15c1eebc70f4171b6b4d9
  languageName: node
  linkType: hard

"postcss-hex-format@npm:^1.0.0":
  version: 1.0.0
  resolution: "postcss-hex-format@npm:1.0.0"
  dependencies:
    postcss: "npm:^6.0.11"
    postcss-value-parser: "npm:^3.3.0"
  checksum: 10c0/23a46768ffa5bf31f5337d2171e86d26b1a552148c709fd2dce6105a97e4bbd6445027dda104b7e41ab8a1fdb909644fff4c47e65ab9221c5553079c0cf74301
  languageName: node
  linkType: hard

"postcss-merge-longhand@npm:^3.0.0":
  version: 3.0.0
  resolution: "postcss-merge-longhand@npm:3.0.0"
  dependencies:
    object-assign: "npm:^4.0.1"
    postcss: "npm:^5.0.5"
    postcss-value-parser: "npm:^3.3.0"
    stylehacks: "npm:^2.2.0"
  checksum: 10c0/cb880424b739536e1d861143ab9a13731740dffefa9e14388871181d6c3fa242fcdeb38f87e8e63be0ebb8c6e5c014a6ec5caade96a4d64785d04a55a95d3c97
  languageName: node
  linkType: hard

"postcss-merge-rules@npm:^2.1.2":
  version: 2.1.2
  resolution: "postcss-merge-rules@npm:2.1.2"
  dependencies:
    browserslist: "npm:^1.5.2"
    caniuse-api: "npm:^1.5.2"
    postcss: "npm:^5.0.4"
    postcss-selector-parser: "npm:^2.2.2"
    vendors: "npm:^1.0.0"
  checksum: 10c0/aa825593d06079de4776f8ec71a05276c145aab734b66fbdea2c42bb545c2ec9fe075912ecb28d18d9c3b506784e8cf7db0951f9af287bc090f3ed7e6e72c332
  languageName: node
  linkType: hard

"postcss-minify-font-values@npm:^1.0.5":
  version: 1.0.5
  resolution: "postcss-minify-font-values@npm:1.0.5"
  dependencies:
    object-assign: "npm:^4.0.1"
    postcss: "npm:^5.0.4"
    postcss-value-parser: "npm:^3.0.2"
  checksum: 10c0/375fc0b1943b1d1e3c61bc33c19a70853ac2cebfdb0dcac23e5324edb218cf989bd7a8877cf846eafbb2d2e7cec4b7bc70922ac9300f9304c2422d807ccd4a85
  languageName: node
  linkType: hard

"postcss-minify-gradients@npm:^1.0.5":
  version: 1.0.5
  resolution: "postcss-minify-gradients@npm:1.0.5"
  dependencies:
    postcss: "npm:^5.0.12"
    postcss-value-parser: "npm:^3.3.0"
  checksum: 10c0/ce5ed6151349ee4546b860cf9f7af38d8bfb942c32b45025b82c332603e2c49f6ee76ac9bda0cf8279cd2492baa4925b3298776deea7324f5efbd6a85782f0bc
  languageName: node
  linkType: hard

"postcss-minify-params@npm:^1.2.2":
  version: 1.2.2
  resolution: "postcss-minify-params@npm:1.2.2"
  dependencies:
    alphanum-sort: "npm:^1.0.1"
    postcss: "npm:^5.0.2"
    postcss-value-parser: "npm:^3.0.2"
    uniqs: "npm:^2.0.0"
  checksum: 10c0/e48823f55e60e8dc2c44fb7810a323146bd5f9aa3384a203ee56c08b77a84d5227446a005b84371e8560dd0d6cefed667acc8cf020367c6934c7233fd890f7c8
  languageName: node
  linkType: hard

"postcss-minify-selectors@npm:^2.1.1":
  version: 2.1.1
  resolution: "postcss-minify-selectors@npm:2.1.1"
  dependencies:
    alphanum-sort: "npm:^1.0.2"
    has: "npm:^1.0.1"
    postcss: "npm:^5.0.14"
    postcss-selector-parser: "npm:^2.0.0"
  checksum: 10c0/3fd37f12d4d4518a4c7e3e4c9a6ab8cf4757faff6d388700e5d148b9b7b6f1d1f28a6be0ffda5f0077a4e4d509fec65cef3e1343ff72d02e1945a1fba2543ac1
  languageName: node
  linkType: hard

"postcss-normalize-display-values@npm:^4.0.0-rc.2":
  version: 4.0.2
  resolution: "postcss-normalize-display-values@npm:4.0.2"
  dependencies:
    cssnano-util-get-match: "npm:^4.0.0"
    postcss: "npm:^7.0.0"
    postcss-value-parser: "npm:^3.0.0"
  checksum: 10c0/01083456e37d466c093defdb7b7fc8779a1ec6fbe0a18469127d243c49fb7c61cc70d378c04461314d7b38327c2833ca928317413bf2a41402b3214a950d7e00
  languageName: node
  linkType: hard

"postcss-normalize-positions@npm:^4.0.0-rc.2":
  version: 4.0.2
  resolution: "postcss-normalize-positions@npm:4.0.2"
  dependencies:
    cssnano-util-get-arguments: "npm:^4.0.0"
    has: "npm:^1.0.0"
    postcss: "npm:^7.0.0"
    postcss-value-parser: "npm:^3.0.0"
  checksum: 10c0/1b774b7277420869bfeb5921d66584b1669a2a0d47b34e11b839a34049895e6146721d26c20e6aab7928240a8565ac6dec13b6101837ee50b7edc3016f6288f6
  languageName: node
  linkType: hard

"postcss-normalize-repeat-style@npm:^4.0.0-rc.2":
  version: 4.0.2
  resolution: "postcss-normalize-repeat-style@npm:4.0.2"
  dependencies:
    cssnano-util-get-arguments: "npm:^4.0.0"
    cssnano-util-get-match: "npm:^4.0.0"
    postcss: "npm:^7.0.0"
    postcss-value-parser: "npm:^3.0.0"
  checksum: 10c0/a13e6d0aac3a7a0627a180bcca04467dcab23f14a676ded735dee1ca742293ea7baf283f2cf3c8e28b7429b2ab158b6646f4375d0bbbeffec7870fea1818af0b
  languageName: node
  linkType: hard

"postcss-normalize-string@npm:^4.0.0-rc.2":
  version: 4.0.2
  resolution: "postcss-normalize-string@npm:4.0.2"
  dependencies:
    has: "npm:^1.0.0"
    postcss: "npm:^7.0.0"
    postcss-value-parser: "npm:^3.0.0"
  checksum: 10c0/2827a5a16bbfd87c4f41aa30e818428eb3a86755c43938590e7436c6f7bf7cc17099b37f6b89425f0b7f46d482e230dc3d887426b26566a818eeaa64131e8c8d
  languageName: node
  linkType: hard

"postcss-normalize-timing-functions@npm:^4.0.0-rc.2":
  version: 4.0.2
  resolution: "postcss-normalize-timing-functions@npm:4.0.2"
  dependencies:
    cssnano-util-get-match: "npm:^4.0.0"
    postcss: "npm:^7.0.0"
    postcss-value-parser: "npm:^3.0.0"
  checksum: 10c0/999c3166332b83c7cad2d5cf21dfda52349068eeeec79117304e754d3607dc7ed2133f78c1c0fec870c34e700687a4ed0b4f8780ca3c0a4428b422fbc72ec14e
  languageName: node
  linkType: hard

"postcss-ordered-values@npm:^2.2.3":
  version: 2.2.3
  resolution: "postcss-ordered-values@npm:2.2.3"
  dependencies:
    postcss: "npm:^5.0.4"
    postcss-value-parser: "npm:^3.0.1"
  checksum: 10c0/4d55a1c7f108f01181c22db1cb886ba0d47f71472a0e531f66b6d90094e74754a35a85cae7c142b4f6277066d2d4c586814dbd909ac7bb9d4c9d1180ac34d10b
  languageName: node
  linkType: hard

"postcss-reporter@npm:^1.3.3":
  version: 1.4.1
  resolution: "postcss-reporter@npm:1.4.1"
  dependencies:
    chalk: "npm:^1.0.0"
    lodash: "npm:^4.1.0"
    log-symbols: "npm:^1.0.2"
    postcss: "npm:^5.0.0"
  checksum: 10c0/00b774beea92e5b2d7f5ab8299f3fdd2b61c473c2b5e497e7f9fea3f42e44c924a2756c5e7d879a63220a75a75184e1d52d8217b71f3ba65bfff144773eb268c
  languageName: node
  linkType: hard

"postcss-rgba-hex@npm:^0.3.7":
  version: 0.3.7
  resolution: "postcss-rgba-hex@npm:0.3.7"
  dependencies:
    object-assign: "npm:^4.1.0"
    postcss: "npm:^5.0.10"
    rgb2hex: "npm:^0.1.0"
  checksum: 10c0/c40c16eca1076b12fb7dfc88878c3247cda14f4bc5689a0ba70034ff9113164574e37891dc489ce38f3ce1f4e3eeadff71ed47be4ffafd81c328f1a15cbb0e4a
  languageName: node
  linkType: hard

"postcss-safe-parser@npm:^3.0.1":
  version: 3.0.1
  resolution: "postcss-safe-parser@npm:3.0.1"
  dependencies:
    postcss: "npm:^6.0.6"
  checksum: 10c0/497dd10513192d10bcd12f69fdf9b63ff42d3217c2f32fa2bcd9343608471acb5367b97539fc2f7ac24f777a29aa4f2cf31032c81d3df981792a7ae55e50d42e
  languageName: node
  linkType: hard

"postcss-selector-parser@npm:^2.0.0, postcss-selector-parser@npm:^2.2.2":
  version: 2.2.3
  resolution: "postcss-selector-parser@npm:2.2.3"
  dependencies:
    flatten: "npm:^1.0.2"
    indexes-of: "npm:^1.0.1"
    uniq: "npm:^1.0.1"
  checksum: 10c0/dc8aee6807096a93a6a1079bddb8d3e94ca385688889da087156ecfe48f3ad7db7581395fada92737d0d6e6a2cda96697fb2d94bbbf97484adb1acff261efe00
  languageName: node
  linkType: hard

"postcss-shorthand-expand@npm:^1.0.1":
  version: 1.0.1
  resolution: "postcss-shorthand-expand@npm:1.0.1"
  dependencies:
    css-shorthand-expand: "npm:^1.0.1"
    is-css-shorthand: "npm:^1.0.0"
    postcss: "npm:^5.0.8"
  checksum: 10c0/deb7f447947fee9dfc8bd09c9db1e3c13a927527aaca52f624746449e765b9cb18b396eca2645b902cfeaae8eb044a7fe3ae530e544d9cec96193bb90488bcd7
  languageName: node
  linkType: hard

"postcss-unique-selectors@npm:^2.0.2":
  version: 2.0.2
  resolution: "postcss-unique-selectors@npm:2.0.2"
  dependencies:
    alphanum-sort: "npm:^1.0.1"
    postcss: "npm:^5.0.4"
    uniqs: "npm:^2.0.0"
  checksum: 10c0/4d1fac25aec01952390df2746f1cb9392b1cfe29bd167608248408755bd8b510209f95213953bda61b3c1201fb580620acdffd4f29fb85c3986f2a04b9b6bb52
  languageName: node
  linkType: hard

"postcss-value-parser@npm:^3.0.0, postcss-value-parser@npm:^3.0.1, postcss-value-parser@npm:^3.0.2, postcss-value-parser@npm:^3.1.2, postcss-value-parser@npm:^3.3.0":
  version: 3.3.1
  resolution: "postcss-value-parser@npm:3.3.1"
  checksum: 10c0/23eed98d8eeadb1f9ef1db4a2757da0f1d8e7c1dac2a38d6b35d971aab9eb3c6d8a967d0e9f435558834ffcd966afbbe875a56bcc5bcdd09e663008c106b3e47
  languageName: node
  linkType: hard

"postcss@npm:^5.0.0, postcss@npm:^5.0.10, postcss@npm:^5.0.11, postcss@npm:^5.0.12, postcss@npm:^5.0.14, postcss@npm:^5.0.16, postcss@npm:^5.0.18, postcss@npm:^5.0.2, postcss@npm:^5.0.4, postcss@npm:^5.0.5, postcss@npm:^5.0.8":
  version: 5.2.18
  resolution: "postcss@npm:5.2.18"
  dependencies:
    chalk: "npm:^1.1.3"
    js-base64: "npm:^2.1.9"
    source-map: "npm:^0.5.6"
    supports-color: "npm:^3.2.3"
  checksum: 10c0/1f9f6673dd24d52f1ed33b800248e6ef752d6b6a092fe268021e398df0d7e0956f00fb961781647264d659240c3d67f5bfd3df9bf1b7af985aa996be619d30b1
  languageName: node
  linkType: hard

"postcss@npm:^6.0.0, postcss@npm:^6.0.10, postcss@npm:^6.0.11, postcss@npm:^6.0.13, postcss@npm:^6.0.6":
  version: 6.0.23
  resolution: "postcss@npm:6.0.23"
  dependencies:
    chalk: "npm:^2.4.1"
    source-map: "npm:^0.6.1"
    supports-color: "npm:^5.4.0"
  checksum: 10c0/45d45184ffbb9d510e7585d9441af9a1a771a56b7553b1d598544e54acdfd31df439a95d5f00a6dc57b85b76d0c8925fec18614b1cc795887c845c3965e32e63
  languageName: node
  linkType: hard

"postcss@npm:^7.0.0, postcss@npm:^7.0.2":
  version: 7.0.39
  resolution: "postcss@npm:7.0.39"
  dependencies:
    picocolors: "npm:^0.2.1"
    source-map: "npm:^0.6.1"
  checksum: 10c0/fd27ee808c0d02407582cccfad4729033e2b439d56cd45534fb39aaad308bb35a290f3b7db5f2394980e8756f9381b458a625618550808c5ff01a125f51efc53
  languageName: node
  linkType: hard

"read-file-stdin@npm:^0.2.0, read-file-stdin@npm:^0.2.1":
  version: 0.2.1
  resolution: "read-file-stdin@npm:0.2.1"
  dependencies:
    gather-stream: "npm:^1.0.0"
  checksum: 10c0/d7a99e168a68a4cdaa307a9b0a3577295b189881be389dde07ab07dd17874f48e4da2485ff82d87120b6dcc9c6fcd64cd4b8275f6ca5dba98c75de2aa502f8a6
  languageName: node
  linkType: hard

"reduce-css-calc@npm:^2.0.0":
  version: 2.1.8
  resolution: "reduce-css-calc@npm:2.1.8"
  dependencies:
    css-unit-converter: "npm:^1.1.1"
    postcss-value-parser: "npm:^3.3.0"
  checksum: 10c0/9f311cdb38d4a72d5dc9275b9558199e63a6ceff2892a309691e4281fe418730995910a2179a7dd1566c11138c834c6e5958203c629c9f4357600a478470b17b
  languageName: node
  linkType: hard

"repeat-element@npm:^1.1.0":
  version: 1.1.4
  resolution: "repeat-element@npm:1.1.4"
  checksum: 10c0/81aa8d82bc845780803ef52df3533fa399974b99df571d0bb86e91f0ffca9ee4b9c4e8e5e72af087938cc28d2aef93d106a6d01da685d72ce96455b90a9f9f69
  languageName: node
  linkType: hard

"rgb-hex@npm:^2.1.0":
  version: 2.1.0
  resolution: "rgb-hex@npm:2.1.0"
  checksum: 10c0/a8a6ab4d4b562045e158565b0cf49bb7bdf1ad4f7f82c052601fff2c8c20f580622597935d57ed5734fd5a648dab3c013ddb86144206a12c6d982bf6ea36f948
  languageName: node
  linkType: hard

"rgb-regex@npm:^1.0.1":
  version: 1.0.1
  resolution: "rgb-regex@npm:1.0.1"
  checksum: 10c0/ab43ea8b92c1e0c6d6bc811d7fff05927ae87473f9576363ae57213b1fd10605549a5cf89c79ccb7a02dd32e1f093c79891868ef31fd92cdb5378d7b180d73f5
  languageName: node
  linkType: hard

"rgb2hex@npm:^0.1.0":
  version: 0.1.10
  resolution: "rgb2hex@npm:0.1.10"
  checksum: 10c0/f1e89d34cd22edc83ebc858343734b7905b1e3bdd07239ea2fa9c61a2dd1230ec31eb99ff0591fb5ec90968d02107cf31b9891df2a491b1961abce07ea1a3bc9
  languageName: node
  linkType: hard

"rgba-regex@npm:^1.0.0":
  version: 1.0.0
  resolution: "rgba-regex@npm:1.0.0"
  checksum: 10c0/4296e7dd41c0edf66c18c13824b746099af642e1b52de97addb6b22051398567090cf1df20bacd1d400cfc79aee6f3a428e0def623d358844495e3630189892c
  languageName: node
  linkType: hard

"source-map@npm:^0.5.6":
  version: 0.5.7
  resolution: "source-map@npm:0.5.7"
  checksum: 10c0/904e767bb9c494929be013017380cbba013637da1b28e5943b566031e29df04fba57edf3f093e0914be094648b577372bd8ad247fa98cfba9c600794cd16b599
  languageName: node
  linkType: hard

"source-map@npm:^0.6.1":
  version: 0.6.1
  resolution: "source-map@npm:0.6.1"
  checksum: 10c0/ab55398007c5e5532957cb0beee2368529618ac0ab372d789806f5718123cc4367d57de3904b4e6a4170eb5a0b0f41373066d02ca0735a0c4d75c7d328d3e011
  languageName: node
  linkType: hard

"strip-ansi@npm:^3.0.0":
  version: 3.0.1
  resolution: "strip-ansi@npm:3.0.1"
  dependencies:
    ansi-regex: "npm:^2.0.0"
  checksum: 10c0/f6e7fbe8e700105dccf7102eae20e4f03477537c74b286fd22cfc970f139002ed6f0d9c10d0e21aa9ed9245e0fa3c9275930e8795c5b947da136e4ecb644a70f
  languageName: node
  linkType: hard

"stylehacks@npm:^2.2.0":
  version: 2.3.2
  resolution: "stylehacks@npm:2.3.2"
  dependencies:
    browserslist: "npm:^1.1.3"
    chalk: "npm:^1.1.1"
    log-symbols: "npm:^1.0.2"
    minimist: "npm:^1.2.0"
    plur: "npm:^2.1.2"
    postcss: "npm:^5.0.18"
    postcss-reporter: "npm:^1.3.3"
    postcss-selector-parser: "npm:^2.0.0"
    read-file-stdin: "npm:^0.2.1"
    text-table: "npm:^0.2.0"
    write-file-stdout: "npm:0.0.2"
  bin:
    stylehacks: dist/cli.js
  checksum: 10c0/454d6eac8ac37c601fe74c55233754b0ce685e2be7fe683400aab5f6569d33dcd96c5021ef3a4c8a3e7921fb777d98d197c63792da09d9ee883af27f6ed7d3db
  languageName: node
  linkType: hard

"supports-color@npm:^2.0.0":
  version: 2.0.0
  resolution: "supports-color@npm:2.0.0"
  checksum: 10c0/570e0b63be36cccdd25186350a6cb2eaad332a95ff162fa06d9499982315f2fe4217e69dd98e862fbcd9c81eaff300a825a1fe7bf5cc752e5b84dfed042b0dda
  languageName: node
  linkType: hard

"supports-color@npm:^3.2.3":
  version: 3.2.3
  resolution: "supports-color@npm:3.2.3"
  dependencies:
    has-flag: "npm:^1.0.0"
  checksum: 10c0/d39a57dbd75c3b5740654f8ec16aaf7203b8d12b8a51314507bed590c9081120805f105b4ce741db13105e6f842ac09700e4bd665b9ffc46eb0b34ba54720bd3
  languageName: node
  linkType: hard

"supports-color@npm:^5.3.0, supports-color@npm:^5.4.0":
  version: 5.5.0
  resolution: "supports-color@npm:5.5.0"
  dependencies:
    has-flag: "npm:^3.0.0"
  checksum: 10c0/6ae5ff319bfbb021f8a86da8ea1f8db52fac8bd4d499492e30ec17095b58af11f0c55f8577390a749b1c4dde691b6a0315dab78f5f54c9b3d83f8fb5905c1c05
  languageName: node
  linkType: hard

"text-table@npm:^0.2.0":
  version: 0.2.0
  resolution: "text-table@npm:0.2.0"
  checksum: 10c0/02805740c12851ea5982686810702e2f14369a5f4c5c40a836821e3eefc65ffeec3131ba324692a37608294b0fd8c1e55a2dd571ffed4909822787668ddbee5c
  languageName: node
  linkType: hard

"timsort@npm:^0.3.0":
  version: 0.3.0
  resolution: "timsort@npm:0.3.0"
  checksum: 10c0/571b2054a0db3cf80eb255f8609a1f798cae9176f9ec6e3fbd03d64186c015cc9e1e75b88ba38e1d71aebcc03a931352522c7387dcb90caeb148375c7bc106f4
  languageName: node
  linkType: hard

"uniq@npm:^1.0.1":
  version: 1.0.1
  resolution: "uniq@npm:1.0.1"
  checksum: 10c0/369dca4a07fdd8de9e48378b9d4b6861722ca71d5f496e91687916bd4b48b8cf3d6db1677be1b40eea63bc6d4728efb4b4e0bd7a89c5fd2d23e7a2cff8009c7a
  languageName: node
  linkType: hard

"uniqs@npm:^2.0.0":
  version: 2.0.0
  resolution: "uniqs@npm:2.0.0"
  checksum: 10c0/f244b158f6b3d30ddea2092c581fe9eb746d6db889a859fd0001e4b7566767bfcc53cdf11e6286f097bb130ebad71025709f41f2e4dd38e5c2f03ec28052baab
  languageName: node
  linkType: hard

"vendors@npm:^1.0.0":
  version: 1.0.4
  resolution: "vendors@npm:1.0.4"
  checksum: 10c0/a9b097f3607013a23bf447cbaff85b79b694cc23b20e81a6aea1ea9e1c59854c93f7c87abcc71b57999e050606e499d9ce18df67968823644b20f6e03d56022a
  languageName: node
  linkType: hard

"write-file-stdout@npm:0.0.2":
  version: 0.0.2
  resolution: "write-file-stdout@npm:0.0.2"
  checksum: 10c0/76a6b0a7c7809baadedd23f91a9b4bbba9d5ae077bc17c2be2b978df63f7cc36a639491e3564ccc3791f73cf1e2b8dbbd44cb101f6cfa3d92a0f92faaaa37da3
  languageName: node
  linkType: hard

"xtend@npm:^4.0.0":
  version: 4.0.2
  resolution: "xtend@npm:4.0.2"
  checksum: 10c0/366ae4783eec6100f8a02dff02ac907bf29f9a00b82ac0264b4d8b832ead18306797e283cf19de776538babfdcb2101375ec5646b59f08c52128ac4ab812ed0e
  languageName: node
  linkType: hard
