# This file is generated by running "yarn install" inside your project.
# Manual changes might be lost - proceed with caution!

__metadata:
  version: 8
  cacheKey: 10c0

"@tallieu_tallieu/heml-styles@workspace:.":
  version: 0.0.0-use.local
  resolution: "@tallieu_tallieu/heml-styles@workspace:."
  dependencies:
    css-declaration-sorter: "npm:^7.2.0"
    css-shorthand-expand: "npm:^1.2.0"
    lodash: "npm:^4.17.21"
    postcss: "npm:^8.5.0"
    postcss-calc: "npm:^10.1.0"
    postcss-color-rgba-fallback: "npm:^4.0.0"
    postcss-colornames-to-hex: "npm:^1.0.1"
    postcss-convert-values: "npm:^7.0.4"
    postcss-discard-comments: "npm:^7.0.3"
    postcss-discard-duplicates: "npm:^7.0.1"
    postcss-discard-empty: "npm:^7.0.0"
    postcss-discard-overridden: "npm:^7.0.0"
    postcss-email-important: "npm:^1.0.0"
    postcss-hex-format: "npm:^1.0.0"
    postcss-merge-longhand: "npm:^7.0.4"
    postcss-merge-rules: "npm:^7.0.4"
    postcss-minify-font-values: "npm:^7.0.0"
    postcss-minify-gradients: "npm:^7.0.0"
    postcss-minify-params: "npm:^7.0.2"
    postcss-minify-selectors: "npm:^7.0.4"
    postcss-normalize-display-values: "npm:^7.0.0"
    postcss-normalize-positions: "npm:^7.0.0"
    postcss-normalize-repeat-style: "npm:^7.0.0"
    postcss-normalize-string: "npm:^7.0.0"
    postcss-normalize-timing-functions: "npm:^7.0.0"
    postcss-ordered-values: "npm:^7.0.1"
    postcss-rgba-hex: "npm:^0.3.7"
    postcss-safe-parser: "npm:^7.0.1"
    postcss-shorthand-expand: "npm:^1.0.1"
    postcss-unique-selectors: "npm:^7.0.3"
  languageName: unknown
  linkType: soft

"ansi-regex@npm:^2.0.0":
  version: 2.1.1
  resolution: "ansi-regex@npm:2.1.1"
  checksum: 10c0/78cebaf50bce2cb96341a7230adf28d804611da3ce6bf338efa7b72f06cc6ff648e29f80cd95e582617ba58d5fdbec38abfeed3500a98bce8381a9daec7c548b
  languageName: node
  linkType: hard

"ansi-styles@npm:^2.2.1":
  version: 2.2.1
  resolution: "ansi-styles@npm:2.2.1"
  checksum: 10c0/7c68aed4f1857389e7a12f85537ea5b40d832656babbf511cc7ecd9efc52889b9c3e5653a71a6aade783c3c5e0aa223ad4ff8e83c27ac8a666514e6c79068cab
  languageName: node
  linkType: hard

"ansi-styles@npm:^3.2.1":
  version: 3.2.1
  resolution: "ansi-styles@npm:3.2.1"
  dependencies:
    color-convert: "npm:^1.9.0"
  checksum: 10c0/ece5a8ef069fcc5298f67e3f4771a663129abd174ea2dfa87923a2be2abf6cd367ef72ac87942da00ce85bd1d651d4cd8595aebdb1b385889b89b205860e977b
  languageName: node
  linkType: hard

"browserslist@npm:^4.0.0, browserslist@npm:^4.23.3":
  version: 4.24.4
  resolution: "browserslist@npm:4.24.4"
  dependencies:
    caniuse-lite: "npm:^1.0.30001688"
    electron-to-chromium: "npm:^1.5.73"
    node-releases: "npm:^2.0.19"
    update-browserslist-db: "npm:^1.1.1"
  bin:
    browserslist: cli.js
  checksum: 10c0/db7ebc1733cf471e0b490b4f47e3e2ea2947ce417192c9246644e92c667dd56a71406cc58f62ca7587caf828364892e9952904a02b7aead752bc65b62a37cfe9
  languageName: node
  linkType: hard

"caniuse-api@npm:^3.0.0":
  version: 3.0.0
  resolution: "caniuse-api@npm:3.0.0"
  dependencies:
    browserslist: "npm:^4.0.0"
    caniuse-lite: "npm:^1.0.0"
    lodash.memoize: "npm:^4.1.2"
    lodash.uniq: "npm:^4.5.0"
  checksum: 10c0/60f9e85a3331e6d761b1b03eec71ca38ef7d74146bece34694853033292156b815696573ed734b65583acf493e88163618eda915c6c826d46a024c71a9572b4c
  languageName: node
  linkType: hard

"caniuse-lite@npm:^1.0.0, caniuse-lite@npm:^1.0.30001688":
  version: 1.0.30001692
  resolution: "caniuse-lite@npm:1.0.30001692"
  checksum: 10c0/fca5105561ea12f3de593f3b0f062af82f7d07519e8dbcb97f34e7fd23349bcef1b1622a9a6cd2164d98e3d2f20059ef7e271edae46567aef88caf4c16c7708a
  languageName: node
  linkType: hard

"chalk@npm:^1.1.3":
  version: 1.1.3
  resolution: "chalk@npm:1.1.3"
  dependencies:
    ansi-styles: "npm:^2.2.1"
    escape-string-regexp: "npm:^1.0.2"
    has-ansi: "npm:^2.0.0"
    strip-ansi: "npm:^3.0.0"
    supports-color: "npm:^2.0.0"
  checksum: 10c0/28c3e399ec286bb3a7111fd4225ebedb0d7b813aef38a37bca7c498d032459c265ef43404201d5fbb8d888d29090899c95335b4c0cda13e8b126ff15c541cef8
  languageName: node
  linkType: hard

"chalk@npm:^2.4.1":
  version: 2.4.2
  resolution: "chalk@npm:2.4.2"
  dependencies:
    ansi-styles: "npm:^3.2.1"
    escape-string-regexp: "npm:^1.0.5"
    supports-color: "npm:^5.3.0"
  checksum: 10c0/e6543f02ec877732e3a2d1c3c3323ddb4d39fbab687c23f526e25bd4c6a9bf3b83a696e8c769d078e04e5754921648f7821b2a2acfd16c550435fd630026e073
  languageName: node
  linkType: hard

"color-convert@npm:^1.9.0":
  version: 1.9.3
  resolution: "color-convert@npm:1.9.3"
  dependencies:
    color-name: "npm:1.1.3"
  checksum: 10c0/5ad3c534949a8c68fca8fbc6f09068f435f0ad290ab8b2f76841b9e6af7e0bb57b98cb05b0e19fe33f5d91e5a8611ad457e5f69e0a484caad1f7487fd0e8253c
  languageName: node
  linkType: hard

"color-name@npm:1.1.3":
  version: 1.1.3
  resolution: "color-name@npm:1.1.3"
  checksum: 10c0/566a3d42cca25b9b3cd5528cd7754b8e89c0eb646b7f214e8e2eaddb69994ac5f0557d9c175eb5d8f0ad73531140d9c47525085ee752a91a2ab15ab459caf6d6
  languageName: node
  linkType: hard

"colord@npm:^2.9.3":
  version: 2.9.3
  resolution: "colord@npm:2.9.3"
  checksum: 10c0/9699e956894d8996b28c686afe8988720785f476f59335c80ce852ded76ab3ebe252703aec53d9bef54f6219aea6b960fb3d9a8300058a1d0c0d4026460cd110
  languageName: node
  linkType: hard

"css-color-names@npm:0.0.1":
  version: 0.0.1
  resolution: "css-color-names@npm:0.0.1"
  checksum: 10c0/127f9950c5960c159833331777ffd3fe0bb4bce6afc333d213b04fe5867dbabd0a9861c98f586532d73f7cd50704f9e5d8e75b24984c08411b6cca522b9d8cce
  languageName: node
  linkType: hard

"css-color-names@npm:0.0.4":
  version: 0.0.4
  resolution: "css-color-names@npm:0.0.4"
  checksum: 10c0/88ef97c25bcfb217469cdff428049022438cc546eb208210f0edec03b75050723db3ba02cd0f4959c84cd0659be0b43af3323eff80d1ba5fb15c2accf09ccbe2
  languageName: node
  linkType: hard

"css-declaration-sorter@npm:^7.2.0":
  version: 7.2.0
  resolution: "css-declaration-sorter@npm:7.2.0"
  peerDependencies:
    postcss: ^8.0.9
  checksum: 10c0/d8516be94f8f2daa233ef021688b965c08161624cbf830a4d7ee1099429437c0ee124d35c91b1c659cfd891a68e8888aa941726dab12279bc114aaed60a94606
  languageName: node
  linkType: hard

"css-shorthand-expand@npm:^1.0.1, css-shorthand-expand@npm:^1.2.0":
  version: 1.2.0
  resolution: "css-shorthand-expand@npm:1.2.0"
  dependencies:
    css-color-names: "npm:0.0.1"
    css-url-regex: "npm:0.0.1"
    hex-color-regex: "npm:^1.0.1"
    hsl-regex: "npm:^1.0.0"
    hsla-regex: "npm:^1.0.0"
    map-obj: "npm:^1.0.0"
    repeat-element: "npm:^1.1.0"
    rgb-regex: "npm:^1.0.1"
    rgba-regex: "npm:^1.0.0"
    xtend: "npm:^4.0.0"
  checksum: 10c0/92653607be65525c5dfa3d1f6e303e63e240b3a5352efcba59ad560460163ad632ac80a787df0c0a792ebd08cae0472769c6b92e0fdc7d0c89d09e6b0f81cea7
  languageName: node
  linkType: hard

"css-shorthand-properties@npm:^1.0.0":
  version: 1.1.2
  resolution: "css-shorthand-properties@npm:1.1.2"
  checksum: 10c0/848445ae836da55a3e00333b8413e0ade323d292ebd7336c9ebe1c1da6adc2b7d6e30e6aca808a37e33c5ba4923b795affe21229a5942098534ee3ad77beea52
  languageName: node
  linkType: hard

"css-url-regex@npm:0.0.1":
  version: 0.0.1
  resolution: "css-url-regex@npm:0.0.1"
  checksum: 10c0/6a8f4618be01997653a4f28d25e3e3aa65bdffdf5b906bd892ab96544219a00f7cdfda905fd9658fcde68fdcb3772e4b26f3d88d5151aa96f03961629d687119
  languageName: node
  linkType: hard

"cssesc@npm:^3.0.0":
  version: 3.0.0
  resolution: "cssesc@npm:3.0.0"
  bin:
    cssesc: bin/cssesc
  checksum: 10c0/6bcfd898662671be15ae7827120472c5667afb3d7429f1f917737f3bf84c4176003228131b643ae74543f17a394446247df090c597bb9a728cce298606ed0aa7
  languageName: node
  linkType: hard

"cssnano-utils@npm:^5.0.0":
  version: 5.0.0
  resolution: "cssnano-utils@npm:5.0.0"
  peerDependencies:
    postcss: ^8.4.31
  checksum: 10c0/492593fb45151e8622357bb958d0d80475372de38523ef0587d77e9c5f386beb55c30b41f2f3c735a374a230bc61404eb7ae9c2beeab0666afb499442c62ecba
  languageName: node
  linkType: hard

"electron-to-chromium@npm:^1.5.73":
  version: 1.5.80
  resolution: "electron-to-chromium@npm:1.5.80"
  checksum: 10c0/6aaf1891e1b05251efac6f4a63c0ddccf567f0f76506cf0cb284f11413762423fddd7786558066f74c3a95e2a533dad7a97bebe38779b46b7a799d8dd20cea53
  languageName: node
  linkType: hard

"escalade@npm:^3.2.0":
  version: 3.2.0
  resolution: "escalade@npm:3.2.0"
  checksum: 10c0/ced4dd3a78e15897ed3be74e635110bbf3b08877b0a41be50dcb325ee0e0b5f65fc2d50e9845194d7c4633f327e2e1c6cce00a71b617c5673df0374201d67f65
  languageName: node
  linkType: hard

"escape-string-regexp@npm:^1.0.2, escape-string-regexp@npm:^1.0.5":
  version: 1.0.5
  resolution: "escape-string-regexp@npm:1.0.5"
  checksum: 10c0/a968ad453dd0c2724e14a4f20e177aaf32bb384ab41b674a8454afe9a41c5e6fe8903323e0a1052f56289d04bd600f81278edf140b0fcc02f5cac98d0f5b5371
  languageName: node
  linkType: hard

"has-ansi@npm:^2.0.0":
  version: 2.0.0
  resolution: "has-ansi@npm:2.0.0"
  dependencies:
    ansi-regex: "npm:^2.0.0"
  checksum: 10c0/f54e4887b9f8f3c4bfefd649c48825b3c093987c92c27880ee9898539e6f01aed261e82e73153c3f920fde0db5bf6ebd58deb498ed1debabcb4bc40113ccdf05
  languageName: node
  linkType: hard

"has-flag@npm:^1.0.0":
  version: 1.0.0
  resolution: "has-flag@npm:1.0.0"
  checksum: 10c0/d0ad4bebbbc005edccfa1e2c0600c89375be5663d23f49a129e0f817187405748b0b515abfc5b3c209c92692e39bb0481c83c0ee4df69433d6ffd0242183100b
  languageName: node
  linkType: hard

"has-flag@npm:^3.0.0":
  version: 3.0.0
  resolution: "has-flag@npm:3.0.0"
  checksum: 10c0/1c6c83b14b8b1b3c25b0727b8ba3e3b647f99e9e6e13eb7322107261de07a4c1be56fc0d45678fc376e09772a3a1642ccdaf8fc69bdf123b6c086598397ce473
  languageName: node
  linkType: hard

"hex-color-regex@npm:^1.0.1":
  version: 1.1.0
  resolution: "hex-color-regex@npm:1.1.0"
  checksum: 10c0/43f0b8bbeb3906b6b2ddfb5ce6cbc28fb4f1e7b5129d0485e006ea20f92dc65f97b3b12591dd6a993de2ca10cb64a16a6a380a37481fc09432e7be0037be8f9c
  languageName: node
  linkType: hard

"hsl-regex@npm:^1.0.0":
  version: 1.0.0
  resolution: "hsl-regex@npm:1.0.0"
  checksum: 10c0/ddc29f4943c4a1768e611fadaebf6913d039640267f1fad2ac06f4dbdbe5cbe535d77dd19804898834671dd82751a4401c1b4d2ecade25d158ea23665d263e84
  languageName: node
  linkType: hard

"hsla-regex@npm:^1.0.0":
  version: 1.0.0
  resolution: "hsla-regex@npm:1.0.0"
  checksum: 10c0/307874844a055af7a8f225e3908e1f7a2d96aa28e86abcb7ce1837cd86acf32d1f3c71ae105416d4c8623c8f9220b1bc799598851b0826274faa047710985f76
  languageName: node
  linkType: hard

"is-css-shorthand@npm:^1.0.0":
  version: 1.0.1
  resolution: "is-css-shorthand@npm:1.0.1"
  dependencies:
    css-shorthand-properties: "npm:^1.0.0"
  checksum: 10c0/ee4dc308c37c1058abd0edc3ff49dbf8373694438c8d7c815b7d4c19ebe98421892fc1ab76775e135bb737ce089f587bd3cbedba23975ef65e790fbd20b5a31e
  languageName: node
  linkType: hard

"js-base64@npm:^2.1.9":
  version: 2.6.4
  resolution: "js-base64@npm:2.6.4"
  checksum: 10c0/95d93c4eca0bbe0f2d5ffe8682d9acd23051e5c0ad71873ff5a48dd46a5f19025de9f7b36e63fa3f02f342ae4a8ca4c56e7b590d7300ebb6639ce09675e0fd02
  languageName: node
  linkType: hard

"lodash.memoize@npm:^4.1.2":
  version: 4.1.2
  resolution: "lodash.memoize@npm:4.1.2"
  checksum: 10c0/c8713e51eccc650422716a14cece1809cfe34bc5ab5e242b7f8b4e2241c2483697b971a604252807689b9dd69bfe3a98852e19a5b89d506b000b4187a1285df8
  languageName: node
  linkType: hard

"lodash.uniq@npm:^4.5.0":
  version: 4.5.0
  resolution: "lodash.uniq@npm:4.5.0"
  checksum: 10c0/262d400bb0952f112162a320cc4a75dea4f66078b9e7e3075ffbc9c6aa30b3e9df3cf20e7da7d566105e1ccf7804e4fbd7d804eee0b53de05d83f16ffbf41c5e
  languageName: node
  linkType: hard

"lodash@npm:^4.17.21":
  version: 4.17.21
  resolution: "lodash@npm:4.17.21"
  checksum: 10c0/d8cbea072bb08655bb4c989da418994b073a608dffa608b09ac04b43a791b12aeae7cd7ad919aa4c925f33b48490b5cfe6c1f71d827956071dae2e7bb3a6b74c
  languageName: node
  linkType: hard

"map-obj@npm:^1.0.0":
  version: 1.0.1
  resolution: "map-obj@npm:1.0.1"
  checksum: 10c0/ccca88395e7d38671ed9f5652ecf471ecd546924be2fb900836b9da35e068a96687d96a5f93dcdfa94d9a27d649d2f10a84595590f89a347fb4dda47629dcc52
  languageName: node
  linkType: hard

"nanoid@npm:^3.3.8":
  version: 3.3.8
  resolution: "nanoid@npm:3.3.8"
  bin:
    nanoid: bin/nanoid.cjs
  checksum: 10c0/4b1bb29f6cfebf3be3bc4ad1f1296fb0a10a3043a79f34fbffe75d1621b4318319211cd420549459018ea3592f0d2f159247a6f874911d6d26eaaadda2478120
  languageName: node
  linkType: hard

"node-releases@npm:^2.0.19":
  version: 2.0.19
  resolution: "node-releases@npm:2.0.19"
  checksum: 10c0/52a0dbd25ccf545892670d1551690fe0facb6a471e15f2cfa1b20142a5b255b3aa254af5f59d6ecb69c2bec7390bc643c43aa63b13bf5e64b6075952e716b1aa
  languageName: node
  linkType: hard

"object-assign@npm:^4.1.0":
  version: 4.1.1
  resolution: "object-assign@npm:4.1.1"
  checksum: 10c0/1f4df9945120325d041ccf7b86f31e8bcc14e73d29171e37a7903050e96b81323784ec59f93f102ec635bcf6fa8034ba3ea0a8c7e69fa202b87ae3b6cec5a414
  languageName: node
  linkType: hard

"picocolors@npm:^0.2.1":
  version: 0.2.1
  resolution: "picocolors@npm:0.2.1"
  checksum: 10c0/98a83c77912c80aea0fc518aec184768501bfceafa490714b0f43eda9c52e372b844ce0a591e822bbfe5df16dcf366be7cbdb9534d39cf54a80796340371ee17
  languageName: node
  linkType: hard

"picocolors@npm:^1.1.1":
  version: 1.1.1
  resolution: "picocolors@npm:1.1.1"
  checksum: 10c0/e2e3e8170ab9d7c7421969adaa7e1b31434f789afb9b3f115f6b96d91945041ac3ceb02e9ec6fe6510ff036bcc0bf91e69a1772edc0b707e12b19c0f2d6bcf58
  languageName: node
  linkType: hard

"postcss-calc@npm:^10.1.0":
  version: 10.1.0
  resolution: "postcss-calc@npm:10.1.0"
  dependencies:
    postcss-selector-parser: "npm:^7.0.0"
    postcss-value-parser: "npm:^4.2.0"
  peerDependencies:
    postcss: ^8.4.38
  checksum: 10c0/63f8f77f2b5f2987f0ae6b731a1034fabbb777fbec3f778662351b6c9ae006d431daca1e3e2c315acfa3aa94b3e4c1b71c4e76c6b9a8d5321398814e84446415
  languageName: node
  linkType: hard

"postcss-color-rgba-fallback@npm:^4.0.0":
  version: 4.0.0
  resolution: "postcss-color-rgba-fallback@npm:4.0.0"
  dependencies:
    postcss: "npm:^7.0.17"
    postcss-value-parser: "npm:^4.0.2"
    rgb-hex: "npm:^3.0.0"
  checksum: 10c0/93bd6ef8d6b9abca5fec7394ad1461f41729b2527daf1a4625d861e92f1ec354320e47e6ca157e5fb25999c5ff87f8d2d4be7c42e27059a345c81d23a6e57119
  languageName: node
  linkType: hard

"postcss-colornames-to-hex@npm:^1.0.1":
  version: 1.0.1
  resolution: "postcss-colornames-to-hex@npm:1.0.1"
  dependencies:
    css-color-names: "npm:0.0.4"
    postcss: "npm:^6.0.10"
    postcss-value-parser: "npm:^3.3.0"
  checksum: 10c0/ab7be74df6c9d42e50171885a6cf923b39d7a2cee566b131418c92ba2c3dd4562a552847b1ca7c6167a4a6e69be5a98437d3c5e2e5da06acb7336b08dce91baf
  languageName: node
  linkType: hard

"postcss-convert-values@npm:^7.0.4":
  version: 7.0.4
  resolution: "postcss-convert-values@npm:7.0.4"
  dependencies:
    browserslist: "npm:^4.23.3"
    postcss-value-parser: "npm:^4.2.0"
  peerDependencies:
    postcss: ^8.4.31
  checksum: 10c0/9839b29f7c638672115c9fef5ed7df016aa43ea9dd42a4a2ace16e6a49c75246d2c19f3e03a6409ed3bc7c2fa4de6203bf5789cef8268c76618326b68e3bc591
  languageName: node
  linkType: hard

"postcss-discard-comments@npm:^7.0.3":
  version: 7.0.3
  resolution: "postcss-discard-comments@npm:7.0.3"
  dependencies:
    postcss-selector-parser: "npm:^6.1.2"
  peerDependencies:
    postcss: ^8.4.31
  checksum: 10c0/7700c8fb9a83c6ea5cc784267b9afd6e2968fda0358d583af5913baa28dfc91b0f2a4bd0b2bd62a86ebcb8dadb2547e287beae25b5a097e21c1f723367ccf112
  languageName: node
  linkType: hard

"postcss-discard-duplicates@npm:^7.0.1":
  version: 7.0.1
  resolution: "postcss-discard-duplicates@npm:7.0.1"
  peerDependencies:
    postcss: ^8.4.31
  checksum: 10c0/5cc2cac249f68004864865ea2ec38b7d5e28184f33e904e531ff57b533aacb73ec49e4a7d83219184001b8d167e5bcabc1673248134468d7ebaa0bfb9ff78f0a
  languageName: node
  linkType: hard

"postcss-discard-empty@npm:^7.0.0":
  version: 7.0.0
  resolution: "postcss-discard-empty@npm:7.0.0"
  peerDependencies:
    postcss: ^8.4.31
  checksum: 10c0/b54fc9ad59a6015f6b82b8c826717a4a2f82b272608f6ae37a0b568f4f6c503f5ac7d13d415853a946a0422cb37b9fe1d5ddcee91fe0c2086001138710600d8b
  languageName: node
  linkType: hard

"postcss-discard-overridden@npm:^7.0.0":
  version: 7.0.0
  resolution: "postcss-discard-overridden@npm:7.0.0"
  peerDependencies:
    postcss: ^8.4.31
  checksum: 10c0/ca00ed1d4e8793fc780039f235fa2caef123d3aa28cae47cc1472ca03b21386c39fae1f11fbf319dcb94c6bda923824067254c7e20e8b00354b47015dc754658
  languageName: node
  linkType: hard

"postcss-email-important@npm:^1.0.0":
  version: 1.0.0
  resolution: "postcss-email-important@npm:1.0.0"
  dependencies:
    postcss: "npm:^6.0.11"
  checksum: 10c0/343442eadc5b21fb3a538c87c466be08fc8cf9083cf0481fba7f5fcfb1491462f19b42efa5f03fb259717bbb4fa63ba65153982a95e15c1eebc70f4171b6b4d9
  languageName: node
  linkType: hard

"postcss-hex-format@npm:^1.0.0":
  version: 1.0.0
  resolution: "postcss-hex-format@npm:1.0.0"
  dependencies:
    postcss: "npm:^6.0.11"
    postcss-value-parser: "npm:^3.3.0"
  checksum: 10c0/23a46768ffa5bf31f5337d2171e86d26b1a552148c709fd2dce6105a97e4bbd6445027dda104b7e41ab8a1fdb909644fff4c47e65ab9221c5553079c0cf74301
  languageName: node
  linkType: hard

"postcss-merge-longhand@npm:^7.0.4":
  version: 7.0.4
  resolution: "postcss-merge-longhand@npm:7.0.4"
  dependencies:
    postcss-value-parser: "npm:^4.2.0"
    stylehacks: "npm:^7.0.4"
  peerDependencies:
    postcss: ^8.4.31
  checksum: 10c0/6f50f7775dd361f83daf1acb3e0001d700ed2b7b9bea02df172143adc7fa196ce9209c9e482010ce36fd704512433b62692c5ab2eef5226db71ea3e694654dc7
  languageName: node
  linkType: hard

"postcss-merge-rules@npm:^7.0.4":
  version: 7.0.4
  resolution: "postcss-merge-rules@npm:7.0.4"
  dependencies:
    browserslist: "npm:^4.23.3"
    caniuse-api: "npm:^3.0.0"
    cssnano-utils: "npm:^5.0.0"
    postcss-selector-parser: "npm:^6.1.2"
  peerDependencies:
    postcss: ^8.4.31
  checksum: 10c0/fffdcef4ada68e92ab8e6dc34a3b9aa2b87188cd4d08f5ba0ff2aff7e3e3c7f086830748ff64db091b5ccb9ac59ac37cfaab1268ed3efb50ab9c4f3714eb5f6d
  languageName: node
  linkType: hard

"postcss-minify-font-values@npm:^7.0.0":
  version: 7.0.0
  resolution: "postcss-minify-font-values@npm:7.0.0"
  dependencies:
    postcss-value-parser: "npm:^4.2.0"
  peerDependencies:
    postcss: ^8.4.31
  checksum: 10c0/f8be40099a6986d96b9cd2eb9c32a9c681efc6ecd6504c9ab7e01feb9e688c8b9656dfd7f35aa6de2585a86d607f62152ee81d0175e712e4658d184d25f63d58
  languageName: node
  linkType: hard

"postcss-minify-gradients@npm:^7.0.0":
  version: 7.0.0
  resolution: "postcss-minify-gradients@npm:7.0.0"
  dependencies:
    colord: "npm:^2.9.3"
    cssnano-utils: "npm:^5.0.0"
    postcss-value-parser: "npm:^4.2.0"
  peerDependencies:
    postcss: ^8.4.31
  checksum: 10c0/15d162192b598242e14def81a62e30cf273ab14f1db702c391e6bdd442c570a1aa76fc326874253a2d67f75b4d4fe73ba4f664e85dbff883f24b7090c340bfad
  languageName: node
  linkType: hard

"postcss-minify-params@npm:^7.0.2":
  version: 7.0.2
  resolution: "postcss-minify-params@npm:7.0.2"
  dependencies:
    browserslist: "npm:^4.23.3"
    cssnano-utils: "npm:^5.0.0"
    postcss-value-parser: "npm:^4.2.0"
  peerDependencies:
    postcss: ^8.4.31
  checksum: 10c0/0e041f70554bae9d4a66c8ab2f2f3ed8bf73862c9d5ff9972ac7f1a596badd1544f093fa2362dd33e96c038af9e10287cdbfec9f480c49bffdcbaca9fdcb1e4e
  languageName: node
  linkType: hard

"postcss-minify-selectors@npm:^7.0.4":
  version: 7.0.4
  resolution: "postcss-minify-selectors@npm:7.0.4"
  dependencies:
    cssesc: "npm:^3.0.0"
    postcss-selector-parser: "npm:^6.1.2"
  peerDependencies:
    postcss: ^8.4.31
  checksum: 10c0/212b8f3d62eb2a27ed57d4e76b75b0886806ddb9e2497c0bb79308fa75dabaaaa4ed2b97734896e87603272d05231fd74aee2c256a48d77aa468b5b64cc7866a
  languageName: node
  linkType: hard

"postcss-normalize-display-values@npm:^7.0.0":
  version: 7.0.0
  resolution: "postcss-normalize-display-values@npm:7.0.0"
  dependencies:
    postcss-value-parser: "npm:^4.2.0"
  peerDependencies:
    postcss: ^8.4.31
  checksum: 10c0/439524e1d3ed36d6265c05da10540e17aa8605e1b396f71ca4364ab3b8b98ca97763c58c211fb9492662429d43613a7fe7009a8638c84a8db327e572c382272a
  languageName: node
  linkType: hard

"postcss-normalize-positions@npm:^7.0.0":
  version: 7.0.0
  resolution: "postcss-normalize-positions@npm:7.0.0"
  dependencies:
    postcss-value-parser: "npm:^4.2.0"
  peerDependencies:
    postcss: ^8.4.31
  checksum: 10c0/428763c937cd178c8ee544cd93a9d1fef667dc9a8700ffe2e61b0beeea7f64f712492b9aeb8a1ef927ab752ec34be7ddeb23d2b50e4bc6eba02b0e58312b27a7
  languageName: node
  linkType: hard

"postcss-normalize-repeat-style@npm:^7.0.0":
  version: 7.0.0
  resolution: "postcss-normalize-repeat-style@npm:7.0.0"
  dependencies:
    postcss-value-parser: "npm:^4.2.0"
  peerDependencies:
    postcss: ^8.4.31
  checksum: 10c0/cf7cd9f355fd26f1c9b0c11a923029ac5ea3020520db5a9778dd19c5ee1f48a1f1f368b4ae75fc6b63cb5761eef72333e486ab0de1537b9cb62d213a8c5576d0
  languageName: node
  linkType: hard

"postcss-normalize-string@npm:^7.0.0":
  version: 7.0.0
  resolution: "postcss-normalize-string@npm:7.0.0"
  dependencies:
    postcss-value-parser: "npm:^4.2.0"
  peerDependencies:
    postcss: ^8.4.31
  checksum: 10c0/8857563f85841ce432bb9a5a9ba129847890b61693adff96d565b69dc2d5456f54dec33f4f6ce5b0abf0a484dbfb0145846d99f988959c5ac875a86a2a180576
  languageName: node
  linkType: hard

"postcss-normalize-timing-functions@npm:^7.0.0":
  version: 7.0.0
  resolution: "postcss-normalize-timing-functions@npm:7.0.0"
  dependencies:
    postcss-value-parser: "npm:^4.2.0"
  peerDependencies:
    postcss: ^8.4.31
  checksum: 10c0/bc5f6999b4c9e28e5be785ef90fe68fd48d44059ecc73ee194c2603260597d685b13a1e1751df9a2cee100fea7abb7e1b1cbcf1a7a428a576961705c9d426788
  languageName: node
  linkType: hard

"postcss-ordered-values@npm:^7.0.1":
  version: 7.0.1
  resolution: "postcss-ordered-values@npm:7.0.1"
  dependencies:
    cssnano-utils: "npm:^5.0.0"
    postcss-value-parser: "npm:^4.2.0"
  peerDependencies:
    postcss: ^8.4.31
  checksum: 10c0/9fc62e9039c7d4fa417d165678b065fc577a7232aa41a94a4e9208ad7db2268e1ce003aaad7c6a569afdf890a43416b0bf21047461505b4e3a16eec311a6eb63
  languageName: node
  linkType: hard

"postcss-rgba-hex@npm:^0.3.7":
  version: 0.3.7
  resolution: "postcss-rgba-hex@npm:0.3.7"
  dependencies:
    object-assign: "npm:^4.1.0"
    postcss: "npm:^5.0.10"
    rgb2hex: "npm:^0.1.0"
  checksum: 10c0/c40c16eca1076b12fb7dfc88878c3247cda14f4bc5689a0ba70034ff9113164574e37891dc489ce38f3ce1f4e3eeadff71ed47be4ffafd81c328f1a15cbb0e4a
  languageName: node
  linkType: hard

"postcss-safe-parser@npm:^7.0.1":
  version: 7.0.1
  resolution: "postcss-safe-parser@npm:7.0.1"
  peerDependencies:
    postcss: ^8.4.31
  checksum: 10c0/6957b10b818bd8d4664ec0e548af967f7549abedfb37f844d389571d36af681340f41f9477b9ccf34bcc7599bdef222d1d72e79c64373001fae77089fba6d965
  languageName: node
  linkType: hard

"postcss-selector-parser@npm:^6.1.2":
  version: 6.1.2
  resolution: "postcss-selector-parser@npm:6.1.2"
  dependencies:
    cssesc: "npm:^3.0.0"
    util-deprecate: "npm:^1.0.2"
  checksum: 10c0/523196a6bd8cf660bdf537ad95abd79e546d54180f9afb165a4ab3e651ac705d0f8b8ce6b3164fb9e3279ce482c5f751a69eb2d3a1e8eb0fd5e82294fb3ef13e
  languageName: node
  linkType: hard

"postcss-selector-parser@npm:^7.0.0":
  version: 7.0.0
  resolution: "postcss-selector-parser@npm:7.0.0"
  dependencies:
    cssesc: "npm:^3.0.0"
    util-deprecate: "npm:^1.0.2"
  checksum: 10c0/e96e096afcce70bf5c97789f5ea09d7415ae5eb701d82b05b5e8532885d31363b484fcb1ca9488c9a331f30508d9e5bb6c3109eb2eb5067ef3d3919f9928cd9d
  languageName: node
  linkType: hard

"postcss-shorthand-expand@npm:^1.0.1":
  version: 1.0.1
  resolution: "postcss-shorthand-expand@npm:1.0.1"
  dependencies:
    css-shorthand-expand: "npm:^1.0.1"
    is-css-shorthand: "npm:^1.0.0"
    postcss: "npm:^5.0.8"
  checksum: 10c0/deb7f447947fee9dfc8bd09c9db1e3c13a927527aaca52f624746449e765b9cb18b396eca2645b902cfeaae8eb044a7fe3ae530e544d9cec96193bb90488bcd7
  languageName: node
  linkType: hard

"postcss-unique-selectors@npm:^7.0.3":
  version: 7.0.3
  resolution: "postcss-unique-selectors@npm:7.0.3"
  dependencies:
    postcss-selector-parser: "npm:^6.1.2"
  peerDependencies:
    postcss: ^8.4.31
  checksum: 10c0/2eb90eb0745d1e29d411ea5108f1cd9737de5b8f739cabc717074872bc4015950c9963f870b23b33b9ef45e7887eecfe5560cffee56616d4e0b8d0fac4f7cb10
  languageName: node
  linkType: hard

"postcss-value-parser@npm:^3.3.0":
  version: 3.3.1
  resolution: "postcss-value-parser@npm:3.3.1"
  checksum: 10c0/23eed98d8eeadb1f9ef1db4a2757da0f1d8e7c1dac2a38d6b35d971aab9eb3c6d8a967d0e9f435558834ffcd966afbbe875a56bcc5bcdd09e663008c106b3e47
  languageName: node
  linkType: hard

"postcss-value-parser@npm:^4.0.2, postcss-value-parser@npm:^4.2.0":
  version: 4.2.0
  resolution: "postcss-value-parser@npm:4.2.0"
  checksum: 10c0/f4142a4f56565f77c1831168e04e3effd9ffcc5aebaf0f538eee4b2d465adfd4b85a44257bb48418202a63806a7da7fe9f56c330aebb3cac898e46b4cbf49161
  languageName: node
  linkType: hard

"postcss@npm:^5.0.10, postcss@npm:^5.0.8":
  version: 5.2.18
  resolution: "postcss@npm:5.2.18"
  dependencies:
    chalk: "npm:^1.1.3"
    js-base64: "npm:^2.1.9"
    source-map: "npm:^0.5.6"
    supports-color: "npm:^3.2.3"
  checksum: 10c0/1f9f6673dd24d52f1ed33b800248e6ef752d6b6a092fe268021e398df0d7e0956f00fb961781647264d659240c3d67f5bfd3df9bf1b7af985aa996be619d30b1
  languageName: node
  linkType: hard

"postcss@npm:^6.0.10, postcss@npm:^6.0.11":
  version: 6.0.23
  resolution: "postcss@npm:6.0.23"
  dependencies:
    chalk: "npm:^2.4.1"
    source-map: "npm:^0.6.1"
    supports-color: "npm:^5.4.0"
  checksum: 10c0/45d45184ffbb9d510e7585d9441af9a1a771a56b7553b1d598544e54acdfd31df439a95d5f00a6dc57b85b76d0c8925fec18614b1cc795887c845c3965e32e63
  languageName: node
  linkType: hard

"postcss@npm:^7.0.17":
  version: 7.0.39
  resolution: "postcss@npm:7.0.39"
  dependencies:
    picocolors: "npm:^0.2.1"
    source-map: "npm:^0.6.1"
  checksum: 10c0/fd27ee808c0d02407582cccfad4729033e2b439d56cd45534fb39aaad308bb35a290f3b7db5f2394980e8756f9381b458a625618550808c5ff01a125f51efc53
  languageName: node
  linkType: hard

"postcss@npm:^8.5.0":
  version: 8.5.0
  resolution: "postcss@npm:8.5.0"
  dependencies:
    nanoid: "npm:^3.3.8"
    picocolors: "npm:^1.1.1"
    source-map-js: "npm:^1.2.1"
  checksum: 10c0/ce4fb520808a932566a0fd97be905b43e219b55a3752fc8daa944082a35848fa8aff300b89b77dc52c8c3bb5cd53e77182ddb37addc6cacf586f1ef42a34ef45
  languageName: node
  linkType: hard

"repeat-element@npm:^1.1.0":
  version: 1.1.4
  resolution: "repeat-element@npm:1.1.4"
  checksum: 10c0/81aa8d82bc845780803ef52df3533fa399974b99df571d0bb86e91f0ffca9ee4b9c4e8e5e72af087938cc28d2aef93d106a6d01da685d72ce96455b90a9f9f69
  languageName: node
  linkType: hard

"rgb-hex@npm:^3.0.0":
  version: 3.0.0
  resolution: "rgb-hex@npm:3.0.0"
  checksum: 10c0/6d287c540b03a11ce318b0ab2cb930949604cd2421e662b8a59e9d02345f6da6477c6b60d7b4fd32b6752527ee9f993bba72da48325be9dd3162b4c25d650c91
  languageName: node
  linkType: hard

"rgb-regex@npm:^1.0.1":
  version: 1.0.1
  resolution: "rgb-regex@npm:1.0.1"
  checksum: 10c0/ab43ea8b92c1e0c6d6bc811d7fff05927ae87473f9576363ae57213b1fd10605549a5cf89c79ccb7a02dd32e1f093c79891868ef31fd92cdb5378d7b180d73f5
  languageName: node
  linkType: hard

"rgb2hex@npm:^0.1.0":
  version: 0.1.10
  resolution: "rgb2hex@npm:0.1.10"
  checksum: 10c0/f1e89d34cd22edc83ebc858343734b7905b1e3bdd07239ea2fa9c61a2dd1230ec31eb99ff0591fb5ec90968d02107cf31b9891df2a491b1961abce07ea1a3bc9
  languageName: node
  linkType: hard

"rgba-regex@npm:^1.0.0":
  version: 1.0.0
  resolution: "rgba-regex@npm:1.0.0"
  checksum: 10c0/4296e7dd41c0edf66c18c13824b746099af642e1b52de97addb6b22051398567090cf1df20bacd1d400cfc79aee6f3a428e0def623d358844495e3630189892c
  languageName: node
  linkType: hard

"source-map-js@npm:^1.2.1":
  version: 1.2.1
  resolution: "source-map-js@npm:1.2.1"
  checksum: 10c0/7bda1fc4c197e3c6ff17de1b8b2c20e60af81b63a52cb32ec5a5d67a20a7d42651e2cb34ebe93833c5a2a084377e17455854fee3e21e7925c64a51b6a52b0faf
  languageName: node
  linkType: hard

"source-map@npm:^0.5.6":
  version: 0.5.7
  resolution: "source-map@npm:0.5.7"
  checksum: 10c0/904e767bb9c494929be013017380cbba013637da1b28e5943b566031e29df04fba57edf3f093e0914be094648b577372bd8ad247fa98cfba9c600794cd16b599
  languageName: node
  linkType: hard

"source-map@npm:^0.6.1":
  version: 0.6.1
  resolution: "source-map@npm:0.6.1"
  checksum: 10c0/ab55398007c5e5532957cb0beee2368529618ac0ab372d789806f5718123cc4367d57de3904b4e6a4170eb5a0b0f41373066d02ca0735a0c4d75c7d328d3e011
  languageName: node
  linkType: hard

"strip-ansi@npm:^3.0.0":
  version: 3.0.1
  resolution: "strip-ansi@npm:3.0.1"
  dependencies:
    ansi-regex: "npm:^2.0.0"
  checksum: 10c0/f6e7fbe8e700105dccf7102eae20e4f03477537c74b286fd22cfc970f139002ed6f0d9c10d0e21aa9ed9245e0fa3c9275930e8795c5b947da136e4ecb644a70f
  languageName: node
  linkType: hard

"stylehacks@npm:^7.0.4":
  version: 7.0.4
  resolution: "stylehacks@npm:7.0.4"
  dependencies:
    browserslist: "npm:^4.23.3"
    postcss-selector-parser: "npm:^6.1.2"
  peerDependencies:
    postcss: ^8.4.31
  checksum: 10c0/b4d0b280ba274503ecc04111cc11c713e0d65db079fbcd8b42d6350be1cca20e28611eddee93b419aa208176a0d3a5fff83d83ef958d1876713809b6a2787c0c
  languageName: node
  linkType: hard

"supports-color@npm:^2.0.0":
  version: 2.0.0
  resolution: "supports-color@npm:2.0.0"
  checksum: 10c0/570e0b63be36cccdd25186350a6cb2eaad332a95ff162fa06d9499982315f2fe4217e69dd98e862fbcd9c81eaff300a825a1fe7bf5cc752e5b84dfed042b0dda
  languageName: node
  linkType: hard

"supports-color@npm:^3.2.3":
  version: 3.2.3
  resolution: "supports-color@npm:3.2.3"
  dependencies:
    has-flag: "npm:^1.0.0"
  checksum: 10c0/d39a57dbd75c3b5740654f8ec16aaf7203b8d12b8a51314507bed590c9081120805f105b4ce741db13105e6f842ac09700e4bd665b9ffc46eb0b34ba54720bd3
  languageName: node
  linkType: hard

"supports-color@npm:^5.3.0, supports-color@npm:^5.4.0":
  version: 5.5.0
  resolution: "supports-color@npm:5.5.0"
  dependencies:
    has-flag: "npm:^3.0.0"
  checksum: 10c0/6ae5ff319bfbb021f8a86da8ea1f8db52fac8bd4d499492e30ec17095b58af11f0c55f8577390a749b1c4dde691b6a0315dab78f5f54c9b3d83f8fb5905c1c05
  languageName: node
  linkType: hard

"update-browserslist-db@npm:^1.1.1":
  version: 1.1.2
  resolution: "update-browserslist-db@npm:1.1.2"
  dependencies:
    escalade: "npm:^3.2.0"
    picocolors: "npm:^1.1.1"
  peerDependencies:
    browserslist: ">= 4.21.0"
  bin:
    update-browserslist-db: cli.js
  checksum: 10c0/9cb353998d6d7d6ba1e46b8fa3db888822dd972212da4eda609d185eb5c3557a93fd59780ceb757afd4d84240518df08542736969e6a5d6d6ce2d58e9363aac6
  languageName: node
  linkType: hard

"util-deprecate@npm:^1.0.2":
  version: 1.0.2
  resolution: "util-deprecate@npm:1.0.2"
  checksum: 10c0/41a5bdd214df2f6c3ecf8622745e4a366c4adced864bc3c833739791aeeeb1838119af7daed4ba36428114b5c67dcda034a79c882e97e43c03e66a4dd7389942
  languageName: node
  linkType: hard

"xtend@npm:^4.0.0":
  version: 4.0.2
  resolution: "xtend@npm:4.0.2"
  checksum: 10c0/366ae4783eec6100f8a02dff02ac907bf29f9a00b82ac0264b4d8b832ead18306797e283cf19de776538babfdcb2101375ec5646b59f08c52128ac4ab812ed0e
  languageName: node
  linkType: hard
