# This file is generated by running "yarn install" inside your project.
# Manual changes might be lost - proceed with caution!

__metadata:
  version: 8
  cacheKey: 10c0

"@tallieu_tallieu/heml-render@portal:./../heml-render::locator=%40tallieu_tallieu%2Fheml-validate%40workspace%3A.":
  version: 0.0.0-use.local
  resolution: "@tallieu_tallieu/heml-render@portal:./../heml-render::locator=%40tallieu_tallieu%2Fheml-validate%40workspace%3A."
  dependencies:
    html-tags: "npm:^4.0.0"
    is-promise: "npm:^4.0.0"
    lodash: "npm:^4.17.21"
  languageName: node
  linkType: soft

"@tallieu_tallieu/heml-utils@portal:./../heml-utils::locator=%40tallieu_tallieu%2Fheml-validate%40workspace%3A.":
  version: 0.0.0-use.local
  resolution: "@tallieu_tallieu/heml-utils@portal:./../heml-utils::locator=%40tallieu_tallieu%2Fheml-validate%40workspace%3A."
  dependencies:
    "@tallieu_tallieu/heml-render": "npm:^1.0.10"
    css-groups: "npm:^0.1.1"
    lodash: "npm:^4.17.21"
  languageName: node
  linkType: soft

"@tallieu_tallieu/heml-validate@workspace:.":
  version: 0.0.0-use.local
  resolution: "@tallieu_tallieu/heml-validate@workspace:."
  dependencies:
    "@tallieu_tallieu/heml-utils": "npm:^1.0.8"
    lodash: "npm:^4.17.21"
  languageName: unknown
  linkType: soft

"css-groups@npm:^0.1.1":
  version: 0.1.1
  resolution: "css-groups@npm:0.1.1"
  checksum: 10c0/da4dabd9bd43aa6512dff33a4b409f01b6a28521c6ea624d783b4e8c9205f4f0b7cccbd514e630581a7af72eb104dbe81912fac08757a1f6cb52e437dee09d6f
  languageName: node
  linkType: hard

"html-tags@npm:^4.0.0":
  version: 4.0.0
  resolution: "html-tags@npm:4.0.0"
  checksum: 10c0/6297ca732ff2c29a83366077067498716cd9f496c6ca15b64301848220a6a48bb4a7325c74299d71f8e3460cf4e9f1d34d0ee5e79580c64b519cf11883158697
  languageName: node
  linkType: hard

"is-promise@npm:^4.0.0":
  version: 4.0.0
  resolution: "is-promise@npm:4.0.0"
  checksum: 10c0/ebd5c672d73db781ab33ccb155fb9969d6028e37414d609b115cc534654c91ccd061821d5b987eefaa97cf4c62f0b909bb2f04db88306de26e91bfe8ddc01503
  languageName: node
  linkType: hard

"lodash@npm:^4.17.21":
  version: 4.17.21
  resolution: "lodash@npm:4.17.21"
  checksum: 10c0/d8cbea072bb08655bb4c989da418994b073a608dffa608b09ac04b43a791b12aeae7cd7ad919aa4c925f33b48490b5cfe6c1f71d827956071dae2e7bb3a6b74c
  languageName: node
  linkType: hard
